
Microsoft Visual Studio Solution File, Format Version 12.00
# Visual Studio Version 16
VisualStudioVersion = 16.0.30413.136
MinimumVisualStudioVersion = 10.0.40219.1
Project("{FAE04EC0-301F-11D3-BF4B-00C04F79EFBC}") = "Empresa1", "Empresa1\Empresa1.csproj", "{2C03B0BF-4641-46B8-8C27-E85592CC4C26}"
EndProject
Global
	GlobalSection(SolutionConfigurationPlatforms) = preSolution
		Debug|Any CPU = Debug|Any CPU
		Release|Any CPU = Release|Any CPU
	EndGlobalSection
	GlobalSection(ProjectConfigurationPlatforms) = postSolution
		{2C03B0BF-4641-46B8-8C27-E85592CC4C26}.Debug|Any CPU.ActiveCfg = Debug|Any CPU
		{2C03B0BF-4641-46B8-8C27-E85592CC4C26}.Debug|Any CPU.Build.0 = Debug|Any CPU
		{2C03B0BF-4641-46B8-8C27-E85592CC4C26}.Release|Any CPU.ActiveCfg = Release|Any CPU
		{2C03B0BF-4641-46B8-8C27-E85592CC4C26}.Release|Any CPU.Build.0 = Release|Any CPU
	EndGlobalSection
	GlobalSection(SolutionProperties) = preSolution
		HideSolutionNode = FALSE
	EndGlobalSection
	GlobalSection(ExtensibilityGlobals) = postSolution
		SolutionGuid = {317484A0-6A8B-4D6C-AC84-C8A9AAD0B2C5}
	EndGlobalSection
EndGlobal
